// !$*UTF8*$!
{
	archiveVersion = 1;
	classes = {
	};
	objectVersion = 77;
	objects = {

/* Begin PBXContainerItemProxy section */
		662FEB8B2CAC271A00B09255 /* PBXContainerItemProxy */ = {
			isa = PBXContainerItemProxy;
			containerPortal = 662FEB6C2CAC271900B09255 /* Project object */;
			proxyType = 1;
			remoteGlobalIDString = 662FEB732CAC271900B09255;
			remoteInfo = AppPatronesHernan;
		};
		662FEB952CAC271A00B09255 /* PBXContainerItemProxy */ = {
			isa = PBXContainerItemProxy;
			containerPortal = 662FEB6C2CAC271900B09255 /* Project object */;
			proxyType = 1;
			remoteGlobalIDString = 662FEB732CAC271900B09255;
			remoteInfo = AppPatronesHernan;
		};
/* End PBXContainerItemProxy section */

/* Begin PBXFileReference section */
		662FEB742CAC271900B09255 /* AppPatronesHernan.app */ = {isa = PBXFileReference; explicitFileType = wrapper.application; includeInIndex = 0; path = AppPatronesHernan.app; sourceTree = BUILT_PRODUCTS_DIR; };
		662FEB8A2CAC271A00B09255 /* AppPatronesHernanTests.xctest */ = {isa = PBXFileReference; explicitFileType = wrapper.cfbundle; includeInIndex = 0; path = AppPatronesHernanTests.xctest; sourceTree = BUILT_PRODUCTS_DIR; };
		662FEB942CAC271A00B09255 /* AppPatronesHernanUITests.xctest */ = {isa = PBXFileReference; explicitFileType = wrapper.cfbundle; includeInIndex = 0; path = AppPatronesHernanUITests.xctest; sourceTree = BUILT_PRODUCTS_DIR; };
/* End PBXFileReference section */

/* Begin PBXFileSystemSynchronizedBuildFileExceptionSet section */
		662FEB9C2CAC271A00B09255 /* Exceptions for "AppPatronesHernan" folder in "AppPatronesHernan" target */ = {
			isa = PBXFileSystemSynchronizedBuildFileExceptionSet;
			membershipExceptions = (
				"Supporting Files/Info.plist",
			);
			target = 662FEB732CAC271900B09255 /* AppPatronesHernan */;
		};
/* End PBXFileSystemSynchronizedBuildFileExceptionSet section */

/* Begin PBXFileSystemSynchronizedRootGroup section */
		662FEB762CAC271900B09255 /* AppPatronesHernan */ = {
			isa = PBXFileSystemSynchronizedRootGroup;
			exceptions = (
				662FEB9C2CAC271A00B09255 /* Exceptions for "AppPatronesHernan" folder in "AppPatronesHernan" target */,
			);
			path = AppPatronesHernan;
			sourceTree = "<group>";
		};
		662FEB8D2CAC271A00B09255 /* AppPatronesHernanTests */ = {
			isa = PBXFileSystemSynchronizedRootGroup;
			path = AppPatronesHernanTests;
			sourceTree = "<group>";
		};
		662FEB972CAC271A00B09255 /* AppPatronesHernanUITests */ = {
			isa = PBXFileSystemSynchronizedRootGroup;
			path = AppPatronesHernanUITests;
			sourceTree = "<group>";
		};
		66588FA32CAF27A100BEAE50 /* Extensions */ = {
			isa = PBXFileSystemSynchronizedRootGroup;
			path = Extensions;
			sourceTree = "<group>";
		};
/* End PBXFileSystemSynchronizedRootGroup section */

/* Begin PBXFrameworksBuildPhase section */
		662FEB712CAC271900B09255 /* Frameworks */ = {
			isa = PBXFrameworksBuildPhase;
			buildActionMask = 2147483647;
			files = (
			);
			runOnlyForDeploymentPostprocessing = 0;
		};
		662FEB872CAC271A00B09255 /* Frameworks */ = {
			isa = PBXFrameworksBuildPhase;
			buildActionMask = 2147483647;
			files = (
			);
			runOnlyForDeploymentPostprocessing = 0;
		};
		662FEB912CAC271A00B09255 /* Frameworks */ = {
			isa = PBXFrameworksBuildPhase;
			buildActionMask = 2147483647;
			files = (
			);
			runOnlyForDeploymentPostprocessing = 0;
		};
/* End PBXFrameworksBuildPhase section */

/* Begin PBXGroup section */
		662FEB6B2CAC271900B09255 = {
			isa = PBXGroup;
			children = (
				66588FA32CAF27A100BEAE50 /* Extensions */,
				662FEB762CAC271900B09255 /* AppPatronesHernan */,
				662FEB8D2CAC271A00B09255 /* AppPatronesHernanTests */,
				662FEB972CAC271A00B09255 /* AppPatronesHernanUITests */,
				662FEB752CAC271900B09255 /* Products */,
			);
			sourceTree = "<group>";
		};
		662FEB752CAC271900B09255 /* Products */ = {
			isa = PBXGroup;
			children = (
				662FEB742CAC271900B09255 /* AppPatronesHernan.app */,
				662FEB8A2CAC271A00B09255 /* AppPatronesHernanTests.xctest */,
				662FEB942CAC271A00B09255 /* AppPatronesHernanUITests.xctest */,
			);
			name = Products;
			sourceTree = "<group>";
		};
/* End PBXGroup section */

/* Begin PBXNativeTarget section */
		662FEB732CAC271900B09255 /* AppPatronesHernan */ = {
			isa = PBXNativeTarget;
			buildConfigurationList = 662FEB9D2CAC271A00B09255 /* Build configuration list for PBXNativeTarget "AppPatronesHernan" */;
			buildPhases = (
				662FEB702CAC271900B09255 /* Sources */,
				662FEB712CAC271900B09255 /* Frameworks */,
				662FEB722CAC271900B09255 /* Resources */,
			);
			buildRules = (
			);
			dependencies = (
			);
			fileSystemSynchronizedGroups = (
				662FEB762CAC271900B09255 /* AppPatronesHernan */,
				66588FA32CAF27A100BEAE50 /* Extensions */,
			);
			name = AppPatronesHernan;
			packageProductDependencies = (
			);
			productName = AppPatronesHernan;
			productReference = 662FEB742CAC271900B09255 /* AppPatronesHernan.app */;
			productType = "com.apple.product-type.application";
		};
		662FEB892CAC271A00B09255 /* AppPatronesHernanTests */ = {
			isa = PBXNativeTarget;
			buildConfigurationList = 662FEBA22CAC271A00B09255 /* Build configuration list for PBXNativeTarget "AppPatronesHernanTests" */;
			buildPhases = (
				662FEB862CAC271A00B09255 /* Sources */,
				662FEB872CAC271A00B09255 /* Frameworks */,
				662FEB882CAC271A00B09255 /* Resources */,
			);
			buildRules = (
			);
			dependencies = (
				662FEB8C2CAC271A00B09255 /* PBXTargetDependency */,
			);
			fileSystemSynchronizedGroups = (
				662FEB8D2CAC271A00B09255 /* AppPatronesHernanTests */,
			);
			name = AppPatronesHernanTests;
			packageProductDependencies = (
			);
			productName = AppPatronesHernanTests;
			productReference = 662FEB8A2CAC271A00B09255 /* AppPatronesHernanTests.xctest */;
			productType = "com.apple.product-type.bundle.unit-test";
		};
		662FEB932CAC271A00B09255 /* AppPatronesHernanUITests */ = {
			isa = PBXNativeTarget;
			buildConfigurationList = 662FEBA52CAC271A00B09255 /* Build configuration list for PBXNativeTarget "AppPatronesHernanUITests" */;
			buildPhases = (
				662FEB902CAC271A00B09255 /* Sources */,
				662FEB912CAC271A00B09255 /* Frameworks */,
				662FEB922CAC271A00B09255 /* Resources */,
			);
			buildRules = (
			);
			dependencies = (
				662FEB962CAC271A00B09255 /* PBXTargetDependency */,
			);
			fileSystemSynchronizedGroups = (
				662FEB972CAC271A00B09255 /* AppPatronesHernanUITests */,
			);
			name = AppPatronesHernanUITests;
			packageProductDependencies = (
			);
			productName = AppPatronesHernanUITests;
			productReference = 662FEB942CAC271A00B09255 /* AppPatronesHernanUITests.xctest */;
			productType = "com.apple.product-type.bundle.ui-testing";
		};
/* End PBXNativeTarget section */

/* Begin PBXProject section */
		662FEB6C2CAC271900B09255 /* Project object */ = {
			isa = PBXProject;
			attributes = {
				BuildIndependentTargetsInParallel = 1;
				LastSwiftUpdateCheck = 1600;
				LastUpgradeCheck = 1600;
				TargetAttributes = {
					662FEB732CAC271900B09255 = {
						CreatedOnToolsVersion = 16.0;
					};
					662FEB892CAC271A00B09255 = {
						CreatedOnToolsVersion = 16.0;
						TestTargetID = 662FEB732CAC271900B09255;
					};
					662FEB932CAC271A00B09255 = {
						CreatedOnToolsVersion = 16.0;
						TestTargetID = 662FEB732CAC271900B09255;
					};
				};
			};
			buildConfigurationList = 662FEB6F2CAC271900B09255 /* Build configuration list for PBXProject "AppPatronesHernan" */;
			developmentRegion = en;
			hasScannedForEncodings = 0;
			knownRegions = (
				en,
				Base,
			);
			mainGroup = 662FEB6B2CAC271900B09255;
			minimizedProjectReferenceProxies = 1;
			preferredProjectObjectVersion = 77;
			productRefGroup = 662FEB752CAC271900B09255 /* Products */;
			projectDirPath = "";
			projectRoot = "";
			targets = (
				662FEB732CAC271900B09255 /* AppPatronesHernan */,
				662FEB892CAC271A00B09255 /* AppPatronesHernanTests */,
				662FEB932CAC271A00B09255 /* AppPatronesHernanUITests */,
			);
		};
/* End PBXProject section */

/* Begin PBXResourcesBuildPhase section */
		662FEB722CAC271900B09255 /* Resources */ = {
			isa = PBXResourcesBuildPhase;
			buildActionMask = 2147483647;
			files = (
			);
			runOnlyForDeploymentPostprocessing = 0;
		};
		662FEB882CAC271A00B09255 /* Resources */ = {
			isa = PBXResourcesBuildPhase;
			buildActionMask = 2147483647;
			files = (
			);
			runOnlyForDeploymentPostprocessing = 0;
		};
		662FEB922CAC271A00B09255 /* Resources */ = {
			isa = PBXResourcesBuildPhase;
			buildActionMask = 2147483647;
			files = (
			);
			runOnlyForDeploymentPostprocessing = 0;
		};
/* End PBXResourcesBuildPhase section */

/* Begin PBXSourcesBuildPhase section */
		662FEB702CAC271900B09255 /* Sources */ = {
			isa = PBXSourcesBuildPhase;
			buildActionMask = 2147483647;
			files = (
			);
			runOnlyForDeploymentPostprocessing = 0;
		};
		662FEB862CAC271A00B09255 /* Sources */ = {
			isa = PBXSourcesBuildPhase;
			buildActionMask = 2147483647;
			files = (
			);
			runOnlyForDeploymentPostprocessing = 0;
		};
		662FEB902CAC271A00B09255 /* Sources */ = {
			isa = PBXSourcesBuildPhase;
			buildActionMask = 2147483647;
			files = (
			);
			runOnlyForDeploymentPostprocessing = 0;
		};
/* End PBXSourcesBuildPhase section */

/* Begin PBXTargetDependency section */
		662FEB8C2CAC271A00B09255 /* PBXTargetDependency */ = {
			isa = PBXTargetDependency;
			target = 662FEB732CAC271900B09255 /* AppPatronesHernan */;
			targetProxy = 662FEB8B2CAC271A00B09255 /* PBXContainerItemProxy */;
		};
		662FEB962CAC271A00B09255 /* PBXTargetDependency */ = {
			isa = PBXTargetDependency;
			target = 662FEB732CAC271900B09255 /* AppPatronesHernan */;
			targetProxy = 662FEB952CAC271A00B09255 /* PBXContainerItemProxy */;
		};
/* End PBXTargetDependency section */

/* Begin XCBuildConfiguration section */
		662FEB9E2CAC271A00B09255 /* Debug */ = {
			isa = XCBuildConfiguration;
			buildSettings = {
				ASSETCATALOG_COMPILER_APPICON_NAME = AppIcon;
				ASSETCATALOG_COMPILER_GLOBAL_ACCENT_COLOR_NAME = AccentColor;
				CODE_SIGN_STYLE = Automatic;
				CURRENT_PROJECT_VERSION = 1;
				DEVELOPMENT_TEAM = 9M98K8Y584;
				GENERATE_INFOPLIST_FILE = YES;
				INFOPLIST_FILE = "AppPatronesHernan/Supporting Files/Info.plist";
				INFOPLIST_KEY_CFBundleDisplayName = "App Patrones Hernan";
				INFOPLIST_KEY_UIApplicationSupportsIndirectInputEvents = YES;
				INFOPLIST_KEY_UILaunchStoryboardName = LaunchScreen;
				INFOPLIST_KEY_UIMainStoryboardFile = "";
				INFOPLIST_KEY_UISupportedInterfaceOrientations = UIInterfaceOrientationPortrait;
				INFOPLIST_KEY_UISupportedInterfaceOrientations_iPad = "UIInterfaceOrientationLandscapeLeft UIInterfaceOrientationLandscapeRight UIInterfaceOrientationPortrait UIInterfaceOrientationPortraitUpsideDown";
				LD_RUNPATH_SEARCH_PATHS = (
					"$(inherited)",
					"@executable_path/Frameworks",
				);
				MARKETING_VERSION = 1.0;
				PRODUCT_BUNDLE_IDENTIFIER = herni.rg.AppPatronesHernan;
				PRODUCT_NAME = "$(TARGET_NAME)";
				SUPPORTED_PLATFORMS = "iphoneos iphonesimulator";
				SUPPORTS_MACCATALYST = NO;
				SUPPORTS_MAC_DESIGNED_FOR_IPHONE_IPAD = NO;
				SUPPORTS_XR_DESIGNED_FOR_IPHONE_IPAD = NO;
				SWIFT_EMIT_LOC_STRINGS = YES;
				SWIFT_VERSION = 5.0;
				TARGETED_DEVICE_FAMILY = "1,2";
			};
			name = Debug;
		};
		662FEB9F2CAC271A00B09255 /* Release */ = {
			isa = XCBuildConfiguration;
			buildSettings = {
				ASSETCATALOG_COMPILER_APPICON_NAME = AppIcon;
				ASSETCATALOG_COMPILER_GLOBAL_ACCENT_COLOR_NAME = AccentColor;
				CODE_SIGN_STYLE = Automatic;
				CURRENT_PROJECT_VERSION = 1;
				DEVELOPMENT_TEAM = 9M98K8Y584;
				GENERATE_INFOPLIST_FILE = YES;
				INFOPLIST_FILE = "AppPatronesHernan/Supporting Files/Info.plist";
				INFOPLIST_KEY_CFBundleDisplayName = "App Patrones Hernan";
				INFOPLIST_KEY_UIApplicationSupportsIndirectInputEvents = YES;
				INFOPLIST_KEY_UILaunchStoryboardName = LaunchScreen;
				INFOPLIST_KEY_UIMainStoryboardFile = "";
				INFOPLIST_KEY_UISupportedInterfaceOrientations = UIInterfaceOrientationPortrait;
				INFOPLIST_KEY_UISupportedInterfaceOrientations_iPad = "UIInterfaceOrientationLandscapeLeft UIInterfaceOrientationLandscapeRight UIInterfaceOrientationPortrait UIInterfaceOrientationPortraitUpsideDown";
				LD_RUNPATH_SEARCH_PATHS = (
					"$(inherited)",
					"@executable_path/Frameworks",
				);
				MARKETING_VERSION = 1.0;
				PRODUCT_BUNDLE_IDENTIFIER = herni.rg.AppPatronesHernan;
				PRODUCT_NAME = "$(TARGET_NAME)";
				SUPPORTED_PLATFORMS = "iphoneos iphonesimulator";
				SUPPORTS_MACCATALYST = NO;
				SUPPORTS_MAC_DESIGNED_FOR_IPHONE_IPAD = NO;
				SUPPORTS_XR_DESIGNED_FOR_IPHONE_IPAD = NO;
				SWIFT_EMIT_LOC_STRINGS = YES;
				SWIFT_VERSION = 5.0;
				TARGETED_DEVICE_FAMILY = "1,2";
			};
			name = Release;
		};
		662FEBA02CAC271A00B09255 /* Debug */ = {
			isa = XCBuildConfiguration;
			buildSettings = {
				ALWAYS_SEARCH_USER_PATHS = NO;
				ASSETCATALOG_COMPILER_GENERATE_SWIFT_ASSET_SYMBOL_EXTENSIONS = YES;
				CLANG_ANALYZER_NONNULL = YES;
				CLANG_ANALYZER_NUMBER_OBJECT_CONVERSION = YES_AGGRESSIVE;
				CLANG_CXX_LANGUAGE_STANDARD = "gnu++20";
				CLANG_ENABLE_MODULES = YES;
				CLANG_ENABLE_OBJC_ARC = YES;
				CLANG_ENABLE_OBJC_WEAK = YES;
				CLANG_WARN_BLOCK_CAPTURE_AUTORELEASING = YES;
				CLANG_WARN_BOOL_CONVERSION = YES;
				CLANG_WARN_COMMA = YES;
				CLANG_WARN_CONSTANT_CONVERSION = YES;
				CLANG_WARN_DEPRECATED_OBJC_IMPLEMENTATIONS = YES;
				CLANG_WARN_DIRECT_OBJC_ISA_USAGE = YES_ERROR;
				CLANG_WARN_DOCUMENTATION_COMMENTS = YES;
				CLANG_WARN_EMPTY_BODY = YES;
				CLANG_WARN_ENUM_CONVERSION = YES;
				CLANG_WARN_INFINITE_RECURSION = YES;
				CLANG_WARN_INT_CONVERSION = YES;
				CLANG_WARN_NON_LITERAL_NULL_CONVERSION = YES;
				CLANG_WARN_OBJC_IMPLICIT_RETAIN_SELF = YES;
				CLANG_WARN_OBJC_LITERAL_CONVERSION = YES;
				CLANG_WARN_OBJC_ROOT_CLASS = YES_ERROR;
				CLANG_WARN_QUOTED_INCLUDE_IN_FRAMEWORK_HEADER = YES;
				CLANG_WARN_RANGE_LOOP_ANALYSIS = YES;
				CLANG_WARN_STRICT_PROTOTYPES = YES;
				CLANG_WARN_SUSPICIOUS_MOVE = YES;
				CLANG_WARN_UNGUARDED_AVAILABILITY = YES_AGGRESSIVE;
				CLANG_WARN_UNREACHABLE_CODE = YES;
				CLANG_WARN__DUPLICATE_METHOD_MATCH = YES;
				COPY_PHASE_STRIP = NO;
				DEBUG_INFORMATION_FORMAT = dwarf;
				ENABLE_STRICT_OBJC_MSGSEND = YES;
				ENABLE_TESTABILITY = YES;
				ENABLE_USER_SCRIPT_SANDBOXING = YES;
				GCC_C_LANGUAGE_STANDARD = gnu17;
				GCC_DYNAMIC_NO_PIC = NO;
				GCC_NO_COMMON_BLOCKS = YES;
				GCC_OPTIMIZATION_LEVEL = 0;
				GCC_PREPROCESSOR_DEFINITIONS = (
					"DEBUG=1",
					"$(inherited)",
				);
				GCC_WARN_64_TO_32_BIT_CONVERSION = YES;
				GCC_WARN_ABOUT_RETURN_TYPE = YES_ERROR;
				GCC_WARN_UNDECLARED_SELECTOR = YES;
				GCC_WARN_UNINITIALIZED_AUTOS = YES_AGGRESSIVE;
				GCC_WARN_UNUSED_FUNCTION = YES;
				GCC_WARN_UNUSED_VARIABLE = YES;
				IPHONEOS_DEPLOYMENT_TARGET = 18.0;
				LOCALIZATION_PREFERS_STRING_CATALOGS = YES;
				MTL_ENABLE_DEBUG_INFO = INCLUDE_SOURCE;
				MTL_FAST_MATH = YES;
				ONLY_ACTIVE_ARCH = YES;
				SDKROOT = iphoneos;
				SWIFT_ACTIVE_COMPILATION_CONDITIONS = "DEBUG $(inherited)";
				SWIFT_OPTIMIZATION_LEVEL = "-Onone";
			};
			name = Debug;
		};
		662FEBA12CAC271A00B09255 /* Release */ = {
			isa = XCBuildConfiguration;
			buildSettings = {
				ALWAYS_SEARCH_USER_PATHS = NO;
				ASSETCATALOG_COMPILER_GENERATE_SWIFT_ASSET_SYMBOL_EXTENSIONS = YES;
				CLANG_ANALYZER_NONNULL = YES;
				CLANG_ANALYZER_NUMBER_OBJECT_CONVERSION = YES_AGGRESSIVE;
				CLANG_CXX_LANGUAGE_STANDARD = "gnu++20";
				CLANG_ENABLE_MODULES = YES;
				CLANG_ENABLE_OBJC_ARC = YES;
				CLANG_ENABLE_OBJC_WEAK = YES;
				CLANG_WARN_BLOCK_CAPTURE_AUTORELEASING = YES;
				CLANG_WARN_BOOL_CONVERSION = YES;
				CLANG_WARN_COMMA = YES;
				CLANG_WARN_CONSTANT_CONVERSION = YES;
				CLANG_WARN_DEPRECATED_OBJC_IMPLEMENTATIONS = YES;
				CLANG_WARN_DIRECT_OBJC_ISA_USAGE = YES_ERROR;
				CLANG_WARN_DOCUMENTATION_COMMENTS = YES;
				CLANG_WARN_EMPTY_BODY = YES;
				CLANG_WARN_ENUM_CONVERSION = YES;
				CLANG_WARN_INFINITE_RECURSION = YES;
				CLANG_WARN_INT_CONVERSION = YES;
				CLANG_WARN_NON_LITERAL_NULL_CONVERSION = YES;
				CLANG_WARN_OBJC_IMPLICIT_RETAIN_SELF = YES;
				CLANG_WARN_OBJC_LITERAL_CONVERSION = YES;
				CLANG_WARN_OBJC_ROOT_CLASS = YES_ERROR;
				CLANG_WARN_QUOTED_INCLUDE_IN_FRAMEWORK_HEADER = YES;
				CLANG_WARN_RANGE_LOOP_ANALYSIS = YES;
				CLANG_WARN_STRICT_PROTOTYPES = YES;
				CLANG_WARN_SUSPICIOUS_MOVE = YES;
				CLANG_WARN_UNGUARDED_AVAILABILITY = YES_AGGRESSIVE;
				CLANG_WARN_UNREACHABLE_CODE = YES;
				CLANG_WARN__DUPLICATE_METHOD_MATCH = YES;
				COPY_PHASE_STRIP = NO;
				DEBUG_INFORMATION_FORMAT = "dwarf-with-dsym";
				ENABLE_NS_ASSERTIONS = NO;
				ENABLE_STRICT_OBJC_MSGSEND = YES;
				ENABLE_USER_SCRIPT_SANDBOXING = YES;
				GCC_C_LANGUAGE_STANDARD = gnu17;
				GCC_NO_COMMON_BLOCKS = YES;
				GCC_WARN_64_TO_32_BIT_CONVERSION = YES;
				GCC_WARN_ABOUT_RETURN_TYPE = YES_ERROR;
				GCC_WARN_UNDECLARED_SELECTOR = YES;
				GCC_WARN_UNINITIALIZED_AUTOS = YES_AGGRESSIVE;
				GCC_WARN_UNUSED_FUNCTION = YES;
				GCC_WARN_UNUSED_VARIABLE = YES;
				IPHONEOS_DEPLOYMENT_TARGET = 18.0;
				LOCALIZATION_PREFERS_STRING_CATALOGS = YES;
				MTL_ENABLE_DEBUG_INFO = NO;
				MTL_FAST_MATH = YES;
				SDKROOT = iphoneos;
				SWIFT_COMPILATION_MODE = wholemodule;
				VALIDATE_PRODUCT = YES;
			};
			name = Release;
		};
		662FEBA32CAC271A00B09255 /* Debug */ = {
			isa = XCBuildConfiguration;
			buildSettings = {
				BUNDLE_LOADER = "$(TEST_HOST)";
				CODE_SIGN_STYLE = Automatic;
				CURRENT_PROJECT_VERSION = 1;
				DEVELOPMENT_TEAM = 9M98K8Y584;
				GENERATE_INFOPLIST_FILE = YES;
				IPHONEOS_DEPLOYMENT_TARGET = 18.0;
				MARKETING_VERSION = 1.0;
				PRODUCT_BUNDLE_IDENTIFIER = herni.rg.AppPatronesHernanTests;
				PRODUCT_NAME = "$(TARGET_NAME)";
				SWIFT_EMIT_LOC_STRINGS = NO;
				SWIFT_VERSION = 5.0;
				TARGETED_DEVICE_FAMILY = "1,2";
				TEST_HOST = "$(BUILT_PRODUCTS_DIR)/AppPatronesHernan.app/$(BUNDLE_EXECUTABLE_FOLDER_PATH)/AppPatronesHernan";
			};
			name = Debug;
		};
		662FEBA42CAC271A00B09255 /* Release */ = {
			isa = XCBuildConfiguration;
			buildSettings = {
				BUNDLE_LOADER = "$(TEST_HOST)";
				CODE_SIGN_STYLE = Automatic;
				CURRENT_PROJECT_VERSION = 1;
				DEVELOPMENT_TEAM = 9M98K8Y584;
				GENERATE_INFOPLIST_FILE = YES;
				IPHONEOS_DEPLOYMENT_TARGET = 18.0;
				MARKETING_VERSION = 1.0;
				PRODUCT_BUNDLE_IDENTIFIER = herni.rg.AppPatronesHernanTests;
				PRODUCT_NAME = "$(TARGET_NAME)";
				SWIFT_EMIT_LOC_STRINGS = NO;
				SWIFT_VERSION = 5.0;
				TARGETED_DEVICE_FAMILY = "1,2";
				TEST_HOST = "$(BUILT_PRODUCTS_DIR)/AppPatronesHernan.app/$(BUNDLE_EXECUTABLE_FOLDER_PATH)/AppPatronesHernan";
			};
			name = Release;
		};
		662FEBA62CAC271A00B09255 /* Debug */ = {
			isa = XCBuildConfiguration;
			buildSettings = {
				CODE_SIGN_STYLE = Automatic;
				CURRENT_PROJECT_VERSION = 1;
				DEVELOPMENT_TEAM = 9M98K8Y584;
				GENERATE_INFOPLIST_FILE = YES;
				MARKETING_VERSION = 1.0;
				PRODUCT_BUNDLE_IDENTIFIER = herni.rg.AppPatronesHernanUITests;
				PRODUCT_NAME = "$(TARGET_NAME)";
				SWIFT_EMIT_LOC_STRINGS = NO;
				SWIFT_VERSION = 5.0;
				TARGETED_DEVICE_FAMILY = "1,2";
				TEST_TARGET_NAME = AppPatronesHernan;
			};
			name = Debug;
		};
		662FEBA72CAC271A00B09255 /* Release */ = {
			isa = XCBuildConfiguration;
			buildSettings = {
				CODE_SIGN_STYLE = Automatic;
				CURRENT_PROJECT_VERSION = 1;
				DEVELOPMENT_TEAM = 9M98K8Y584;
				GENERATE_INFOPLIST_FILE = YES;
				MARKETING_VERSION = 1.0;
				PRODUCT_BUNDLE_IDENTIFIER = herni.rg.AppPatronesHernanUITests;
				PRODUCT_NAME = "$(TARGET_NAME)";
				SWIFT_EMIT_LOC_STRINGS = NO;
				SWIFT_VERSION = 5.0;
				TARGETED_DEVICE_FAMILY = "1,2";
				TEST_TARGET_NAME = AppPatronesHernan;
			};
			name = Release;
		};
/* End XCBuildConfiguration section */

/* Begin XCConfigurationList section */
		662FEB6F2CAC271900B09255 /* Build configuration list for PBXProject "AppPatronesHernan" */ = {
			isa = XCConfigurationList;
			buildConfigurations = (
				662FEBA02CAC271A00B09255 /* Debug */,
				662FEBA12CAC271A00B09255 /* Release */,
			);
			defaultConfigurationIsVisible = 0;
			defaultConfigurationName = Release;
		};
		662FEB9D2CAC271A00B09255 /* Build configuration list for PBXNativeTarget "AppPatronesHernan" */ = {
			isa = XCConfigurationList;
			buildConfigurations = (
				662FEB9E2CAC271A00B09255 /* Debug */,
				662FEB9F2CAC271A00B09255 /* Release */,
			);
			defaultConfigurationIsVisible = 0;
			defaultConfigurationName = Release;
		};
		662FEBA22CAC271A00B09255 /* Build configuration list for PBXNativeTarget "AppPatronesHernanTests" */ = {
			isa = XCConfigurationList;
			buildConfigurations = (
				662FEBA32CAC271A00B09255 /* Debug */,
				662FEBA42CAC271A00B09255 /* Release */,
			);
			defaultConfigurationIsVisible = 0;
			defaultConfigurationName = Release;
		};
		662FEBA52CAC271A00B09255 /* Build configuration list for PBXNativeTarget "AppPatronesHernanUITests" */ = {
			isa = XCConfigurationList;
			buildConfigurations = (
				662FEBA62CAC271A00B09255 /* Debug */,
				662FEBA72CAC271A00B09255 /* Release */,
			);
			defaultConfigurationIsVisible = 0;
			defaultConfigurationName = Release;
		};
/* End XCConfigurationList section */
	};
	rootObject = 662FEB6C2CAC271900B09255 /* Project object */;
}
